
Microsoft Visual Studio Solution File, Format Version 12.00
# Visual Studio Version 16
VisualStudioVersion = 16.0.29102.190
MinimumVisualStudioVersion = 10.0.40219.1
Project("{FAE04EC0-301F-11D3-BF4B-00C04F79EFBC}") = "FirstNeeds.UWP", "FirstNeeds.UWP\FirstNeeds.UWP.csproj", "{51217F0A-532D-4359-B1F6-9B0187ACFEFA}"
EndProject
Project("{FAE04EC0-301F-11D3-BF4B-00C04F79EFBC}") = "FirstNeeds.Android", "FirstNeeds.Android\FirstNeeds.Android.csproj", "{4CB255F5-6E01-4573-92CB-416EB0734A8B}"
EndProject
Project("{FAE04EC0-301F-11D3-BF4B-00C04F79EFBC}") = "FirstNeeds.iOS", "FirstNeeds.iOS\FirstNeeds.iOS.csproj", "{40727801-62DF-46B9-89DD-C49563A34BE1}"
EndProject
Project("{FAE04EC0-301F-11D3-BF4B-00C04F79EFBC}") = "FirstNeeds", "FirstNeeds\FirstNeeds.csproj", "{0726131A-691D-4CDC-94F7-3DADA79B072C}"
EndProject
Global
	GlobalSection(SolutionConfigurationPlatforms) = preSolution
		Debug|Any CPU = Debug|Any CPU
		Debug|ARM = Debug|ARM
		Debug|iPhone = Debug|iPhone
		Debug|iPhoneSimulator = Debug|iPhoneSimulator
		Debug|x64 = Debug|x64
		Debug|x86 = Debug|x86
		Release|Any CPU = Release|Any CPU
		Release|ARM = Release|ARM
		Release|iPhone = Release|iPhone
		Release|iPhoneSimulator = Release|iPhoneSimulator
		Release|x64 = Release|x64
		Release|x86 = Release|x86
	EndGlobalSection
	GlobalSection(ProjectConfigurationPlatforms) = postSolution
		{51217F0A-532D-4359-B1F6-9B0187ACFEFA}.Debug|Any CPU.ActiveCfg = Debug|x86
		{51217F0A-532D-4359-B1F6-9B0187ACFEFA}.Debug|Any CPU.Build.0 = Debug|x86
		{51217F0A-532D-4359-B1F6-9B0187ACFEFA}.Debug|Any CPU.Deploy.0 = Debug|x86
		{51217F0A-532D-4359-B1F6-9B0187ACFEFA}.Debug|ARM.ActiveCfg = Debug|ARM
		{51217F0A-532D-4359-B1F6-9B0187ACFEFA}.Debug|ARM.Build.0 = Debug|ARM
		{51217F0A-532D-4359-B1F6-9B0187ACFEFA}.Debug|ARM.Deploy.0 = Debug|ARM
		{51217F0A-532D-4359-B1F6-9B0187ACFEFA}.Debug|iPhone.ActiveCfg = Debug|x86
		{51217F0A-532D-4359-B1F6-9B0187ACFEFA}.Debug|iPhone.Build.0 = Debug|x86
		{51217F0A-532D-4359-B1F6-9B0187ACFEFA}.Debug|iPhone.Deploy.0 = Debug|x86
		{51217F0A-532D-4359-B1F6-9B0187ACFEFA}.Debug|iPhoneSimulator.ActiveCfg = Debug|x86
		{51217F0A-532D-4359-B1F6-9B0187ACFEFA}.Debug|iPhoneSimulator.Build.0 = Debug|x86
		{51217F0A-532D-4359-B1F6-9B0187ACFEFA}.Debug|iPhoneSimulator.Deploy.0 = Debug|x86
		{51217F0A-532D-4359-B1F6-9B0187ACFEFA}.Debug|x64.ActiveCfg = Debug|x64
		{51217F0A-532D-4359-B1F6-9B0187ACFEFA}.Debug|x64.Build.0 = Debug|x64
		{51217F0A-532D-4359-B1F6-9B0187ACFEFA}.Debug|x64.Deploy.0 = Debug|x64
		{51217F0A-532D-4359-B1F6-9B0187ACFEFA}.Debug|x86.ActiveCfg = Debug|x86
		{51217F0A-532D-4359-B1F6-9B0187ACFEFA}.Debug|x86.Build.0 = Debug|x86
		{51217F0A-532D-4359-B1F6-9B0187ACFEFA}.Debug|x86.Deploy.0 = Debug|x86
		{51217F0A-532D-4359-B1F6-9B0187ACFEFA}.Release|Any CPU.ActiveCfg = Release|x86
		{51217F0A-532D-4359-B1F6-9B0187ACFEFA}.Release|Any CPU.Build.0 = Release|x86
		{51217F0A-532D-4359-B1F6-9B0187ACFEFA}.Release|Any CPU.Deploy.0 = Release|x86
		{51217F0A-532D-4359-B1F6-9B0187ACFEFA}.Release|ARM.ActiveCfg = Release|ARM
		{51217F0A-532D-4359-B1F6-9B0187ACFEFA}.Release|ARM.Build.0 = Release|ARM
		{51217F0A-532D-4359-B1F6-9B0187ACFEFA}.Release|ARM.Deploy.0 = Release|ARM
		{51217F0A-532D-4359-B1F6-9B0187ACFEFA}.Release|iPhone.ActiveCfg = Release|x86
		{51217F0A-532D-4359-B1F6-9B0187ACFEFA}.Release|iPhone.Build.0 = Release|x86
		{51217F0A-532D-4359-B1F6-9B0187ACFEFA}.Release|iPhone.Deploy.0 = Release|x86
		{51217F0A-532D-4359-B1F6-9B0187ACFEFA}.Release|iPhoneSimulator.ActiveCfg = Release|x86
		{51217F0A-532D-4359-B1F6-9B0187ACFEFA}.Release|iPhoneSimulator.Build.0 = Release|x86
		{51217F0A-532D-4359-B1F6-9B0187ACFEFA}.Release|iPhoneSimulator.Deploy.0 = Release|x86
		{51217F0A-532D-4359-B1F6-9B0187ACFEFA}.Release|x64.ActiveCfg = Release|x64
		{51217F0A-532D-4359-B1F6-9B0187ACFEFA}.Release|x64.Build.0 = Release|x64
		{51217F0A-532D-4359-B1F6-9B0187ACFEFA}.Release|x64.Deploy.0 = Release|x64
		{51217F0A-532D-4359-B1F6-9B0187ACFEFA}.Release|x86.ActiveCfg = Release|x86
		{51217F0A-532D-4359-B1F6-9B0187ACFEFA}.Release|x86.Build.0 = Release|x86
		{51217F0A-532D-4359-B1F6-9B0187ACFEFA}.Release|x86.Deploy.0 = Release|x86
		{4CB255F5-6E01-4573-92CB-416EB0734A8B}.Debug|Any CPU.ActiveCfg = Debug|Any CPU
		{4CB255F5-6E01-4573-92CB-416EB0734A8B}.Debug|Any CPU.Build.0 = Debug|Any CPU
		{4CB255F5-6E01-4573-92CB-416EB0734A8B}.Debug|Any CPU.Deploy.0 = Debug|Any CPU
		{4CB255F5-6E01-4573-92CB-416EB0734A8B}.Debug|ARM.ActiveCfg = Debug|Any CPU
		{4CB255F5-6E01-4573-92CB-416EB0734A8B}.Debug|ARM.Build.0 = Debug|Any CPU
		{4CB255F5-6E01-4573-92CB-416EB0734A8B}.Debug|ARM.Deploy.0 = Debug|Any CPU
		{4CB255F5-6E01-4573-92CB-416EB0734A8B}.Debug|iPhone.ActiveCfg = Debug|Any CPU
		{4CB255F5-6E01-4573-92CB-416EB0734A8B}.Debug|iPhone.Build.0 = Debug|Any CPU
		{4CB255F5-6E01-4573-92CB-416EB0734A8B}.Debug|iPhone.Deploy.0 = Debug|Any CPU
		{4CB255F5-6E01-4573-92CB-416EB0734A8B}.Debug|iPhoneSimulator.ActiveCfg = Debug|Any CPU
		{4CB255F5-6E01-4573-92CB-416EB0734A8B}.Debug|iPhoneSimulator.Build.0 = Debug|Any CPU
		{4CB255F5-6E01-4573-92CB-416EB0734A8B}.Debug|iPhoneSimulator.Deploy.0 = Debug|Any CPU
		{4CB255F5-6E01-4573-92CB-416EB0734A8B}.Debug|x64.ActiveCfg = Debug|Any CPU
		{4CB255F5-6E01-4573-92CB-416EB0734A8B}.Debug|x64.Build.0 = Debug|Any CPU
		{4CB255F5-6E01-4573-92CB-416EB0734A8B}.Debug|x64.Deploy.0 = Debug|Any CPU
		{4CB255F5-6E01-4573-92CB-416EB0734A8B}.Debug|x86.ActiveCfg = Debug|Any CPU
		{4CB255F5-6E01-4573-92CB-416EB0734A8B}.Debug|x86.Build.0 = Debug|Any CPU
		{4CB255F5-6E01-4573-92CB-416EB0734A8B}.Debug|x86.Deploy.0 = Debug|Any CPU
		{4CB255F5-6E01-4573-92CB-416EB0734A8B}.Release|Any CPU.ActiveCfg = Release|Any CPU
		{4CB255F5-6E01-4573-92CB-416EB0734A8B}.Release|Any CPU.Build.0 = Release|Any CPU
		{4CB255F5-6E01-4573-92CB-416EB0734A8B}.Release|Any CPU.Deploy.0 = Release|Any CPU
		{4CB255F5-6E01-4573-92CB-416EB0734A8B}.Release|ARM.ActiveCfg = Release|Any CPU
		{4CB255F5-6E01-4573-92CB-416EB0734A8B}.Release|ARM.Build.0 = Release|Any CPU
		{4CB255F5-6E01-4573-92CB-416EB0734A8B}.Release|ARM.Deploy.0 = Release|Any CPU
		{4CB255F5-6E01-4573-92CB-416EB0734A8B}.Release|iPhone.ActiveCfg = Release|Any CPU
		{4CB255F5-6E01-4573-92CB-416EB0734A8B}.Release|iPhone.Build.0 = Release|Any CPU
		{4CB255F5-6E01-4573-92CB-416EB0734A8B}.Release|iPhone.Deploy.0 = Release|Any CPU
		{4CB255F5-6E01-4573-92CB-416EB0734A8B}.Release|iPhoneSimulator.ActiveCfg = Release|Any CPU
		{4CB255F5-6E01-4573-92CB-416EB0734A8B}.Release|iPhoneSimulator.Build.0 = Release|Any CPU
		{4CB255F5-6E01-4573-92CB-416EB0734A8B}.Release|iPhoneSimulator.Deploy.0 = Release|Any CPU
		{4CB255F5-6E01-4573-92CB-416EB0734A8B}.Release|x64.ActiveCfg = Release|Any CPU
		{4CB255F5-6E01-4573-92CB-416EB0734A8B}.Release|x64.Build.0 = Release|Any CPU
		{4CB255F5-6E01-4573-92CB-416EB0734A8B}.Release|x64.Deploy.0 = Release|Any CPU
		{4CB255F5-6E01-4573-92CB-416EB0734A8B}.Release|x86.ActiveCfg = Release|Any CPU
		{4CB255F5-6E01-4573-92CB-416EB0734A8B}.Release|x86.Build.0 = Release|Any CPU
		{4CB255F5-6E01-4573-92CB-416EB0734A8B}.Release|x86.Deploy.0 = Release|Any CPU
		{40727801-62DF-46B9-89DD-C49563A34BE1}.Debug|Any CPU.ActiveCfg = Debug|iPhone
		{40727801-62DF-46B9-89DD-C49563A34BE1}.Debug|Any CPU.Build.0 = Debug|iPhone
		{40727801-62DF-46B9-89DD-C49563A34BE1}.Debug|Any CPU.Deploy.0 = Debug|iPhone
		{40727801-62DF-46B9-89DD-C49563A34BE1}.Debug|ARM.ActiveCfg = Debug|iPhoneSimulator
		{40727801-62DF-46B9-89DD-C49563A34BE1}.Debug|ARM.Build.0 = Debug|iPhoneSimulator
		{40727801-62DF-46B9-89DD-C49563A34BE1}.Debug|ARM.Deploy.0 = Debug|iPhoneSimulator
		{40727801-62DF-46B9-89DD-C49563A34BE1}.Debug|iPhone.ActiveCfg = Debug|iPhone
		{40727801-62DF-46B9-89DD-C49563A34BE1}.Debug|iPhone.Build.0 = Debug|iPhone
		{40727801-62DF-46B9-89DD-C49563A34BE1}.Debug|iPhone.Deploy.0 = Debug|iPhone
		{40727801-62DF-46B9-89DD-C49563A34BE1}.Debug|iPhoneSimulator.ActiveCfg = Debug|iPhoneSimulator
		{40727801-62DF-46B9-89DD-C49563A34BE1}.Debug|iPhoneSimulator.Build.0 = Debug|iPhoneSimulator
		{40727801-62DF-46B9-89DD-C49563A34BE1}.Debug|iPhoneSimulator.Deploy.0 = Debug|iPhoneSimulator
		{40727801-62DF-46B9-89DD-C49563A34BE1}.Debug|x64.ActiveCfg = Debug|iPhone
		{40727801-62DF-46B9-89DD-C49563A34BE1}.Debug|x64.Build.0 = Debug|iPhone
		{40727801-62DF-46B9-89DD-C49563A34BE1}.Debug|x64.Deploy.0 = Debug|iPhone
		{40727801-62DF-46B9-89DD-C49563A34BE1}.Debug|x86.ActiveCfg = Debug|iPhone
		{40727801-62DF-46B9-89DD-C49563A34BE1}.Debug|x86.Build.0 = Debug|iPhone
		{40727801-62DF-46B9-89DD-C49563A34BE1}.Debug|x86.Deploy.0 = Debug|iPhone
		{40727801-62DF-46B9-89DD-C49563A34BE1}.Release|Any CPU.ActiveCfg = Release|iPhone
		{40727801-62DF-46B9-89DD-C49563A34BE1}.Release|Any CPU.Build.0 = Release|iPhone
		{40727801-62DF-46B9-89DD-C49563A34BE1}.Release|Any CPU.Deploy.0 = Release|iPhone
		{40727801-62DF-46B9-89DD-C49563A34BE1}.Release|ARM.ActiveCfg = Release|iPhone
		{40727801-62DF-46B9-89DD-C49563A34BE1}.Release|ARM.Build.0 = Release|iPhone
		{40727801-62DF-46B9-89DD-C49563A34BE1}.Release|ARM.Deploy.0 = Release|iPhone
		{40727801-62DF-46B9-89DD-C49563A34BE1}.Release|iPhone.ActiveCfg = Release|iPhone
		{40727801-62DF-46B9-89DD-C49563A34BE1}.Release|iPhone.Build.0 = Release|iPhone
		{40727801-62DF-46B9-89DD-C49563A34BE1}.Release|iPhone.Deploy.0 = Release|iPhone
		{40727801-62DF-46B9-89DD-C49563A34BE1}.Release|iPhoneSimulator.ActiveCfg = Release|iPhoneSimulator
		{40727801-62DF-46B9-89DD-C49563A34BE1}.Release|iPhoneSimulator.Build.0 = Release|iPhoneSimulator
		{40727801-62DF-46B9-89DD-C49563A34BE1}.Release|iPhoneSimulator.Deploy.0 = Release|iPhoneSimulator
		{40727801-62DF-46B9-89DD-C49563A34BE1}.Release|x64.ActiveCfg = Release|iPhone
		{40727801-62DF-46B9-89DD-C49563A34BE1}.Release|x64.Build.0 = Release|iPhone
		{40727801-62DF-46B9-89DD-C49563A34BE1}.Release|x64.Deploy.0 = Release|iPhone
		{40727801-62DF-46B9-89DD-C49563A34BE1}.Release|x86.ActiveCfg = Release|iPhone
		{40727801-62DF-46B9-89DD-C49563A34BE1}.Release|x86.Build.0 = Release|iPhone
		{40727801-62DF-46B9-89DD-C49563A34BE1}.Release|x86.Deploy.0 = Release|iPhone
		{0726131A-691D-4CDC-94F7-3DADA79B072C}.Debug|Any CPU.ActiveCfg = Debug|Any CPU
		{0726131A-691D-4CDC-94F7-3DADA79B072C}.Debug|Any CPU.Build.0 = Debug|Any CPU
		{0726131A-691D-4CDC-94F7-3DADA79B072C}.Debug|Any CPU.Deploy.0 = Debug|Any CPU
		{0726131A-691D-4CDC-94F7-3DADA79B072C}.Debug|ARM.ActiveCfg = Debug|Any CPU
		{0726131A-691D-4CDC-94F7-3DADA79B072C}.Debug|ARM.Build.0 = Debug|Any CPU
		{0726131A-691D-4CDC-94F7-3DADA79B072C}.Debug|ARM.Deploy.0 = Debug|Any CPU
		{0726131A-691D-4CDC-94F7-3DADA79B072C}.Debug|iPhone.ActiveCfg = Debug|Any CPU
		{0726131A-691D-4CDC-94F7-3DADA79B072C}.Debug|iPhone.Build.0 = Debug|Any CPU
		{0726131A-691D-4CDC-94F7-3DADA79B072C}.Debug|iPhone.Deploy.0 = Debug|Any CPU
		{0726131A-691D-4CDC-94F7-3DADA79B072C}.Debug|iPhoneSimulator.ActiveCfg = Debug|Any CPU
		{0726131A-691D-4CDC-94F7-3DADA79B072C}.Debug|iPhoneSimulator.Build.0 = Debug|Any CPU
		{0726131A-691D-4CDC-94F7-3DADA79B072C}.Debug|iPhoneSimulator.Deploy.0 = Debug|Any CPU
		{0726131A-691D-4CDC-94F7-3DADA79B072C}.Debug|x64.ActiveCfg = Debug|Any CPU
		{0726131A-691D-4CDC-94F7-3DADA79B072C}.Debug|x64.Build.0 = Debug|Any CPU
		{0726131A-691D-4CDC-94F7-3DADA79B072C}.Debug|x64.Deploy.0 = Debug|Any CPU
		{0726131A-691D-4CDC-94F7-3DADA79B072C}.Debug|x86.ActiveCfg = Debug|Any CPU
		{0726131A-691D-4CDC-94F7-3DADA79B072C}.Debug|x86.Build.0 = Debug|Any CPU
		{0726131A-691D-4CDC-94F7-3DADA79B072C}.Debug|x86.Deploy.0 = Debug|Any CPU
		{0726131A-691D-4CDC-94F7-3DADA79B072C}.Release|Any CPU.ActiveCfg = Release|Any CPU
		{0726131A-691D-4CDC-94F7-3DADA79B072C}.Release|Any CPU.Build.0 = Release|Any CPU
		{0726131A-691D-4CDC-94F7-3DADA79B072C}.Release|Any CPU.Deploy.0 = Release|Any CPU
		{0726131A-691D-4CDC-94F7-3DADA79B072C}.Release|ARM.ActiveCfg = Release|Any CPU
		{0726131A-691D-4CDC-94F7-3DADA79B072C}.Release|ARM.Build.0 = Release|Any CPU
		{0726131A-691D-4CDC-94F7-3DADA79B072C}.Release|ARM.Deploy.0 = Release|Any CPU
		{0726131A-691D-4CDC-94F7-3DADA79B072C}.Release|iPhone.ActiveCfg = Release|Any CPU
		{0726131A-691D-4CDC-94F7-3DADA79B072C}.Release|iPhone.Build.0 = Release|Any CPU
		{0726131A-691D-4CDC-94F7-3DADA79B072C}.Release|iPhone.Deploy.0 = Release|Any CPU
		{0726131A-691D-4CDC-94F7-3DADA79B072C}.Release|iPhoneSimulator.ActiveCfg = Release|Any CPU
		{0726131A-691D-4CDC-94F7-3DADA79B072C}.Release|iPhoneSimulator.Build.0 = Release|Any CPU
		{0726131A-691D-4CDC-94F7-3DADA79B072C}.Release|iPhoneSimulator.Deploy.0 = Release|Any CPU
		{0726131A-691D-4CDC-94F7-3DADA79B072C}.Release|x64.ActiveCfg = Release|Any CPU
		{0726131A-691D-4CDC-94F7-3DADA79B072C}.Release|x64.Build.0 = Release|Any CPU
		{0726131A-691D-4CDC-94F7-3DADA79B072C}.Release|x64.Deploy.0 = Release|Any CPU
		{0726131A-691D-4CDC-94F7-3DADA79B072C}.Release|x86.ActiveCfg = Release|Any CPU
		{0726131A-691D-4CDC-94F7-3DADA79B072C}.Release|x86.Build.0 = Release|Any CPU
		{0726131A-691D-4CDC-94F7-3DADA79B072C}.Release|x86.Deploy.0 = Release|Any CPU
	EndGlobalSection
	GlobalSection(SolutionProperties) = preSolution
		HideSolutionNode = FALSE
	EndGlobalSection
	GlobalSection(ExtensibilityGlobals) = postSolution
		SolutionGuid = {302A0E13-36C1-4725-85A5-9B7F9ED221A6}
	EndGlobalSection
EndGlobal
